<Solution>
  <Project Path="OnlineLearningPlatform.Models/OnlineLearningPlatform.Models.csproj" />
  <Project Path="OnlineLearningPlatform.RazorPages/OnlineLearningPlatform.RazorPages.csproj" />
  <Project Path="OnlineLearningPlatform.Repository/OnlineLearningPlatform.Repository.csproj" />
  <Project Path="OnlineLearningPlatform.Services/OnlineLearningPlatform.Services.csproj" />
</Solution>
